
Microsoft Visual Studio Solution File, Format Version 12.00
# Visual Studio 15
VisualStudioVersion = 15.0.28307.438
MinimumVisualStudioVersion = 10.0.40219.1
Project("{FAE04EC0-301F-11D3-BF4B-00C04F79EFBC}") = "GradeBook", "GradeBook\GradeBook.csproj", "{AA09E06F-0B98-4DA1-A0ED-98D1A2A0E9CF}"
EndProject
Global
	GlobalSection(SolutionConfigurationPlatforms) = preSolution
		Debug|Any CPU = Debug|Any CPU
		Release|Any CPU = Release|Any CPU
	EndGlobalSection
	GlobalSection(ProjectConfigurationPlatforms) = postSolution
		{AA09E06F-0B98-4DA1-A0ED-98D1A2A0E9CF}.Debug|Any CPU.ActiveCfg = Debug|Any CPU
		{AA09E06F-0B98-4DA1-A0ED-98D1A2A0E9CF}.Debug|Any CPU.Build.0 = Debug|Any CPU
		{AA09E06F-0B98-4DA1-A0ED-98D1A2A0E9CF}.Release|Any CPU.ActiveCfg = Release|Any CPU
		{AA09E06F-0B98-4DA1-A0ED-98D1A2A0E9CF}.Release|Any CPU.Build.0 = Release|Any CPU
	EndGlobalSection
	GlobalSection(SolutionProperties) = preSolution
		HideSolutionNode = FALSE
	EndGlobalSection
	GlobalSection(ExtensibilityGlobals) = postSolution
		SolutionGuid = {707E8198-0F98-4471-8BBB-F534B6A7396D}
	EndGlobalSection
EndGlobal
